Microsoft Visual Studio Solution File, Format Version 12.00
# Visual Studio Version 17
VisualStudioVersion = 17.5.2.0
MinimumVisualStudioVersion = 10.0.40219.1
Project("{FAE04EC0-301F-11D3-BF4B-00C04F79EFBC}") = "Net7-WindowsService", "Net7-WindowsService.csproj", "{FCFFC002-C088-41A6-23C9-9A3C503655B8}"
EndProject
Global
	GlobalSection(SolutionConfigurationPlatforms) = preSolution
		Debug|Any CPU = Debug|Any CPU
		Release|Any CPU = Release|Any CPU
	EndGlobalSection
	GlobalSection(ProjectConfigurationPlatforms) = postSolution
		{FCFFC002-C088-41A6-23C9-9A3C503655B8}.Debug|Any CPU.ActiveCfg = Debug|Any CPU
		{FCFFC002-C088-41A6-23C9-9A3C503655B8}.Debug|Any CPU.Build.0 = Debug|Any CPU
		{FCFFC002-C088-41A6-23C9-9A3C503655B8}.Release|Any CPU.ActiveCfg = Release|Any CPU
		{FCFFC002-C088-41A6-23C9-9A3C503655B8}.Release|Any CPU.Build.0 = Release|Any CPU
	EndGlobalSection
	GlobalSection(SolutionProperties) = preSolution
		HideSolutionNode = FALSE
	EndGlobalSection
	GlobalSection(ExtensibilityGlobals) = postSolution
		SolutionGuid = {D8FD2952-72D2-43F7-9E89-0A87816B9D51}
	EndGlobalSection
EndGlobal
